lockfileVersion: '9.0'

settings:
  autoInstallPeers: true
  excludeLinksFromLockfile: false

importers:

  .:
    dependencies:
      lil-argv:
        specifier: ^0.1.1
        version: 0.1.1
    devDependencies:
      '@types/node':
        specifier: ^22.0.2
        version: 22.0.2

packages:

  '@types/node@22.0.2':
    resolution: {integrity: sha512-yPL6DyFwY5PiMVEwymNeqUTKsDczQBJ/5T7W/46RwLU/VH+AA8aT5TZkvBviLKLbbm0hlfftEkGrNzfRk/fofQ==}

  lil-argv@0.1.1:
    resolution: {integrity: sha512-cprNLhrmz2yVDk1O5UOWXJlNKoZu7rawqa77UhCFNCHNbyaC4Iq+yzBdAWEx8rbleZm5kIgT/I4ypjCnYZtrTw==}

  undici-types@6.11.1:
    resolution: {integrity: sha512-mIDEX2ek50x0OlRgxryxsenE5XaQD4on5U2inY7RApK3SOJpofyw7uW2AyfMKkhAxXIceo2DeWGVGwyvng1GNQ==}

snapshots:

  '@types/node@22.0.2':
    dependencies:
      undici-types: 6.11.1

  lil-argv@0.1.1: {}

  undici-types@6.11.1: {}
